
Microsoft Visual Studio Solution File, Format Version 12.00
# Visual Studio Version 17
VisualStudioVersion = 17.5.33414.496
MinimumVisualStudioVersion = 10.0.40219.1
Project("{FAE04EC0-301F-11D3-BF4B-00C04F79EFBC}") = "BlazorFullStackCrud.Server", "Server\BlazorFullStackCrud.Server.csproj", "{5D70F006-02D1-4C3E-A6A3-7FE98C24F784}"
EndProject
Project("{FAE04EC0-301F-11D3-BF4B-00C04F79EFBC}") = "BlazorFullStackCrud.Client", "Client\BlazorFullStackCrud.Client.csproj", "{13F60816-04C4-4DB8-9B91-80F1E3353230}"
EndProject
Project("{FAE04EC0-301F-11D3-BF4B-00C04F79EFBC}") = "BlazorFullStackCrud.Shared", "Shared\BlazorFullStackCrud.Shared.csproj", "{23B9D66D-8433-40E4-ADEF-F5423DB61591}"
EndProject
Global
	GlobalSection(SolutionConfigurationPlatforms) = preSolution
		Debug|Any CPU = Debug|Any CPU
		Release|Any CPU = Release|Any CPU
	EndGlobalSection
	GlobalSection(ProjectConfigurationPlatforms) = postSolution
		{5D70F006-02D1-4C3E-A6A3-7FE98C24F784}.Debug|Any CPU.ActiveCfg = Debug|Any CPU
		{5D70F006-02D1-4C3E-A6A3-7FE98C24F784}.Debug|Any CPU.Build.0 = Debug|Any CPU
		{5D70F006-02D1-4C3E-A6A3-7FE98C24F784}.Release|Any CPU.ActiveCfg = Release|Any CPU
		{5D70F006-02D1-4C3E-A6A3-7FE98C24F784}.Release|Any CPU.Build.0 = Release|Any CPU
		{13F60816-04C4-4DB8-9B91-80F1E3353230}.Debug|Any CPU.ActiveCfg = Debug|Any CPU
		{13F60816-04C4-4DB8-9B91-80F1E3353230}.Debug|Any CPU.Build.0 = Debug|Any CPU
		{13F60816-04C4-4DB8-9B91-80F1E3353230}.Release|Any CPU.ActiveCfg = Release|Any CPU
		{13F60816-04C4-4DB8-9B91-80F1E3353230}.Release|Any CPU.Build.0 = Release|Any CPU
		{23B9D66D-8433-40E4-ADEF-F5423DB61591}.Debug|Any CPU.ActiveCfg = Debug|Any CPU
		{23B9D66D-8433-40E4-ADEF-F5423DB61591}.Debug|Any CPU.Build.0 = Debug|Any CPU
		{23B9D66D-8433-40E4-ADEF-F5423DB61591}.Release|Any CPU.ActiveCfg = Release|Any CPU
		{23B9D66D-8433-40E4-ADEF-F5423DB61591}.Release|Any CPU.Build.0 = Release|Any CPU
	EndGlobalSection
	GlobalSection(SolutionProperties) = preSolution
		HideSolutionNode = FALSE
	EndGlobalSection
	GlobalSection(ExtensibilityGlobals) = postSolution
		SolutionGuid = {71EA121E-BA68-4E2F-9720-7B0305793362}
	EndGlobalSection
EndGlobal
